
Microsoft Visual Studio Solution File, Format Version 12.00
# Visual Studio Version 16
VisualStudioVersion = 16.0.30503.244
MinimumVisualStudioVersion = 10.0.40219.1
Project("{2150E333-8FDC-42A3-9474-1A3956D46DE8}") = "Solution Items", "Solution Items", "{504CA909-96D3-4BE8-8AB8-F7AF14FA1AA7}"
	ProjectSection(SolutionItems) = preProject
		Behaviors a Tic Tac Toe application should do.txt = Behaviors a Tic Tac Toe application should do.txt
	EndProjectSection
EndProject
Project("{9A19103F-16F7-4668-BE54-9A1E7A4F7556}") = "UI_Layer_CSharp", "UI_Layer_CSharp\UI_Layer_CSharp.csproj", "{22386A6E-2C67-496F-B2A4-1B7B38E23EB9}"
EndProject
Project("{9A19103F-16F7-4668-BE54-9A1E7A4F7556}") = "Business_Layer_CSharp", "Business_Layer_CSharp\Business_Layer_CSharp.csproj", "{79139F68-34B6-4187-A96F-8C85E0A30A23}"
EndProject
Project("{9A19103F-16F7-4668-BE54-9A1E7A4F7556}") = "TicTacToe_Interfaces", "TicTacToe_Interfaces\TicTacToe_Interfaces.csproj", "{42E6A30B-41FA-422C-89E7-02CD2EC749B5}"
EndProject
Global
	GlobalSection(SolutionConfigurationPlatforms) = preSolution
		Debug|Any CPU = Debug|Any CPU
		Release|Any CPU = Release|Any CPU
	EndGlobalSection
	GlobalSection(ProjectConfigurationPlatforms) = postSolution
		{22386A6E-2C67-496F-B2A4-1B7B38E23EB9}.Debug|Any CPU.ActiveCfg = Debug|Any CPU
		{22386A6E-2C67-496F-B2A4-1B7B38E23EB9}.Debug|Any CPU.Build.0 = Debug|Any CPU
		{22386A6E-2C67-496F-B2A4-1B7B38E23EB9}.Release|Any CPU.ActiveCfg = Release|Any CPU
		{22386A6E-2C67-496F-B2A4-1B7B38E23EB9}.Release|Any CPU.Build.0 = Release|Any CPU
		{79139F68-34B6-4187-A96F-8C85E0A30A23}.Debug|Any CPU.ActiveCfg = Debug|Any CPU
		{79139F68-34B6-4187-A96F-8C85E0A30A23}.Debug|Any CPU.Build.0 = Debug|Any CPU
		{79139F68-34B6-4187-A96F-8C85E0A30A23}.Release|Any CPU.ActiveCfg = Release|Any CPU
		{79139F68-34B6-4187-A96F-8C85E0A30A23}.Release|Any CPU.Build.0 = Release|Any CPU
		{42E6A30B-41FA-422C-89E7-02CD2EC749B5}.Debug|Any CPU.ActiveCfg = Debug|Any CPU
		{42E6A30B-41FA-422C-89E7-02CD2EC749B5}.Debug|Any CPU.Build.0 = Debug|Any CPU
		{42E6A30B-41FA-422C-89E7-02CD2EC749B5}.Release|Any CPU.ActiveCfg = Release|Any CPU
		{42E6A30B-41FA-422C-89E7-02CD2EC749B5}.Release|Any CPU.Build.0 = Release|Any CPU
	EndGlobalSection
	GlobalSection(SolutionProperties) = preSolution
		HideSolutionNode = FALSE
	EndGlobalSection
	GlobalSection(ExtensibilityGlobals) = postSolution
		SolutionGuid = {497931DD-A746-453E-B6D3-3F4E20C5F556}
	EndGlobalSection
EndGlobal
